
Microsoft Visual Studio Solution File, Format Version 12.00
# Visual Studio Version 16
VisualStudioVersion = 16.0.29728.190
MinimumVisualStudioVersion = 10.0.40219.1
Project("{8BC9CEB8-8B4A-11D0-8D11-00A0C91BC942}") = "fnmp", "src\mp\sys\fnmp.vcxproj", "{AD2ED8D3-06F7-4B3B-89F4-E8E7065A6F82}"
EndProject
Project("{8BC9CEB8-8B4A-11D0-8D11-00A0C91BC942}") = "fnfunctionaltests", "test\functional\bin\fnfunctionaltests.vcxproj", "{02D631DF-E2E7-4A6E-9773-94A45B19C367}"
EndProject
Project("{8BC9CEB8-8B4A-11D0-8D11-00A0C91BC942}") = "pkthlp_um", "test\pkthlp\um\pkthlp_um.vcxproj", "{E84FF937-7445-4B8E-BA40-DFFACC09C060}"
EndProject
Project("{8BC9CEB8-8B4A-11D0-8D11-00A0C91BC942}") = "pkthlp_km", "test\pkthlp\km\pkthlp_km.vcxproj", "{091C094C-BF60-4BCB-9D38-1B439FC0AB7F}"
EndProject
Project("{8BC9CEB8-8B4A-11D0-8D11-00A0C91BC942}") = "bounce", "src\common\lib\bounce\bounce.vcxproj", "{4A8C9C36-9B11-4BCF-9C48-0F33D4470D66}"
EndProject
Project("{8BC9CEB8-8B4A-11D0-8D11-00A0C91BC942}") = "fnio", "src\common\lib\fnio\fnio.vcxproj", "{D07EDEB2-006F-4B32-8CD1-2B8FABD5879E}"
EndProject
Project("{8BC9CEB8-8B4A-11D0-8D11-00A0C91BC942}") = "debugcrt", "test\debugcrt\debugcrt.vcxproj", "{74f5716d-c62f-45d4-9cc2-4637440d5e4e}"
EndProject
Project("{8BC9CEB8-8B4A-11D0-8D11-00A0C91BC942}") = "fnlwf", "src\lwf\sys\fnlwf.vcxproj", "{F819A7AE-2641-4275-A3BA-CF9283C9D519}"
EndProject
Project("{8BC9CEB8-8B4A-11D0-8D11-00A0C91BC942}") = "fnfunctionaltestlib_um", "test\functional\lib\fnfunctionaltestlib_um.vcxproj", "{F37C088B-C801-46C4-B210-EAD7AF7FFAEE}"
EndProject
Project("{8BC9CEB8-8B4A-11D0-8D11-00A0C91BC942}") = "fnfunctionaltestdrv", "test\functional\bin\km\fnfunctionaltestdrv.vcxproj", "{FDAAB453-4E69-4933-BC27-A917637B0DF9}"
EndProject
Global
	GlobalSection(SolutionConfigurationPlatforms) = preSolution
		Debug|ARM64 = Debug|ARM64
		Debug|x64 = Debug|x64
		Release|ARM64 = Release|ARM64
		Release|x64 = Release|x64
	EndGlobalSection
	GlobalSection(ProjectConfigurationPlatforms) = postSolution
		{AD2ED8D3-06F7-4B3B-89F4-E8E7065A6F82}.Debug|ARM64.ActiveCfg = Debug|ARM64
		{AD2ED8D3-06F7-4B3B-89F4-E8E7065A6F82}.Debug|ARM64.Build.0 = Debug|ARM64
		{AD2ED8D3-06F7-4B3B-89F4-E8E7065A6F82}.Debug|ARM64.Deploy.0 = Debug|ARM64
		{AD2ED8D3-06F7-4B3B-89F4-E8E7065A6F82}.Debug|x64.ActiveCfg = Debug|x64
		{AD2ED8D3-06F7-4B3B-89F4-E8E7065A6F82}.Debug|x64.Build.0 = Debug|x64
		{AD2ED8D3-06F7-4B3B-89F4-E8E7065A6F82}.Debug|x64.Deploy.0 = Debug|x64
		{AD2ED8D3-06F7-4B3B-89F4-E8E7065A6F82}.Release|ARM64.ActiveCfg = Release|ARM64
		{AD2ED8D3-06F7-4B3B-89F4-E8E7065A6F82}.Release|ARM64.Build.0 = Release|ARM64
		{AD2ED8D3-06F7-4B3B-89F4-E8E7065A6F82}.Release|ARM64.Deploy.0 = Release|ARM64
		{AD2ED8D3-06F7-4B3B-89F4-E8E7065A6F82}.Release|x64.ActiveCfg = Release|x64
		{AD2ED8D3-06F7-4B3B-89F4-E8E7065A6F82}.Release|x64.Build.0 = Release|x64
		{AD2ED8D3-06F7-4B3B-89F4-E8E7065A6F82}.Release|x64.Deploy.0 = Release|x64
		{02D631DF-E2E7-4A6E-9773-94A45B19C367}.Debug|ARM64.ActiveCfg = Debug|ARM64
		{02D631DF-E2E7-4A6E-9773-94A45B19C367}.Debug|ARM64.Build.0 = Debug|ARM64
		{02D631DF-E2E7-4A6E-9773-94A45B19C367}.Debug|x64.ActiveCfg = Debug|x64
		{02D631DF-E2E7-4A6E-9773-94A45B19C367}.Debug|x64.Build.0 = Debug|x64
		{02D631DF-E2E7-4A6E-9773-94A45B19C367}.Release|ARM64.ActiveCfg = Release|ARM64
		{02D631DF-E2E7-4A6E-9773-94A45B19C367}.Release|ARM64.Build.0 = Release|ARM64
		{02D631DF-E2E7-4A6E-9773-94A45B19C367}.Release|x64.ActiveCfg = Release|x64
		{02D631DF-E2E7-4A6E-9773-94A45B19C367}.Release|x64.Build.0 = Release|x64
		{E84FF937-7445-4B8E-BA40-DFFACC09C060}.Debug|ARM64.ActiveCfg = Debug|ARM64
		{E84FF937-7445-4B8E-BA40-DFFACC09C060}.Debug|ARM64.Build.0 = Debug|ARM64
		{E84FF937-7445-4B8E-BA40-DFFACC09C060}.Debug|x64.ActiveCfg = Debug|x64
		{E84FF937-7445-4B8E-BA40-DFFACC09C060}.Debug|x64.Build.0 = Debug|x64
		{E84FF937-7445-4B8E-BA40-DFFACC09C060}.Release|ARM64.ActiveCfg = Release|ARM64
		{E84FF937-7445-4B8E-BA40-DFFACC09C060}.Release|ARM64.Build.0 = Release|ARM64
		{E84FF937-7445-4B8E-BA40-DFFACC09C060}.Release|x64.ActiveCfg = Release|x64
		{E84FF937-7445-4B8E-BA40-DFFACC09C060}.Release|x64.Build.0 = Release|x64
		{091C094C-BF60-4BCB-9D38-1B439FC0AB7F}.Debug|ARM64.ActiveCfg = Debug|ARM64
		{091C094C-BF60-4BCB-9D38-1B439FC0AB7F}.Debug|ARM64.Build.0 = Debug|ARM64
		{091C094C-BF60-4BCB-9D38-1B439FC0AB7F}.Debug|ARM64.Deploy.0 = Debug|ARM64
		{091C094C-BF60-4BCB-9D38-1B439FC0AB7F}.Debug|x64.ActiveCfg = Debug|x64
		{091C094C-BF60-4BCB-9D38-1B439FC0AB7F}.Debug|x64.Build.0 = Debug|x64
		{091C094C-BF60-4BCB-9D38-1B439FC0AB7F}.Debug|x64.Deploy.0 = Debug|x64
		{091C094C-BF60-4BCB-9D38-1B439FC0AB7F}.Release|ARM64.ActiveCfg = Release|ARM64
		{091C094C-BF60-4BCB-9D38-1B439FC0AB7F}.Release|ARM64.Build.0 = Release|ARM64
		{091C094C-BF60-4BCB-9D38-1B439FC0AB7F}.Release|ARM64.Deploy.0 = Release|ARM64
		{091C094C-BF60-4BCB-9D38-1B439FC0AB7F}.Release|x64.ActiveCfg = Release|x64
		{091C094C-BF60-4BCB-9D38-1B439FC0AB7F}.Release|x64.Build.0 = Release|x64
		{091C094C-BF60-4BCB-9D38-1B439FC0AB7F}.Release|x64.Deploy.0 = Release|x64
		{4A8C9C36-9B11-4BCF-9C48-0F33D4470D66}.Debug|ARM64.ActiveCfg = Debug|ARM64
		{4A8C9C36-9B11-4BCF-9C48-0F33D4470D66}.Debug|ARM64.Build.0 = Debug|ARM64
		{4A8C9C36-9B11-4BCF-9C48-0F33D4470D66}.Debug|ARM64.Deploy.0 = Debug|ARM64
		{4A8C9C36-9B11-4BCF-9C48-0F33D4470D66}.Debug|x64.ActiveCfg = Debug|x64
		{4A8C9C36-9B11-4BCF-9C48-0F33D4470D66}.Debug|x64.Build.0 = Debug|x64
		{4A8C9C36-9B11-4BCF-9C48-0F33D4470D66}.Debug|x64.Deploy.0 = Debug|x64
		{4A8C9C36-9B11-4BCF-9C48-0F33D4470D66}.Release|ARM64.ActiveCfg = Release|ARM64
		{4A8C9C36-9B11-4BCF-9C48-0F33D4470D66}.Release|ARM64.Build.0 = Release|ARM64
		{4A8C9C36-9B11-4BCF-9C48-0F33D4470D66}.Release|ARM64.Deploy.0 = Release|ARM64
		{4A8C9C36-9B11-4BCF-9C48-0F33D4470D66}.Release|x64.ActiveCfg = Release|x64
		{4A8C9C36-9B11-4BCF-9C48-0F33D4470D66}.Release|x64.Build.0 = Release|x64
		{4A8C9C36-9B11-4BCF-9C48-0F33D4470D66}.Release|x64.Deploy.0 = Release|x64
		{D07EDEB2-006F-4B32-8CD1-2B8FABD5879E}.Debug|ARM64.ActiveCfg = Debug|ARM64
		{D07EDEB2-006F-4B32-8CD1-2B8FABD5879E}.Debug|ARM64.Build.0 = Debug|ARM64
		{D07EDEB2-006F-4B32-8CD1-2B8FABD5879E}.Debug|ARM64.Deploy.0 = Debug|ARM64
		{D07EDEB2-006F-4B32-8CD1-2B8FABD5879E}.Debug|x64.ActiveCfg = Debug|x64
		{D07EDEB2-006F-4B32-8CD1-2B8FABD5879E}.Debug|x64.Build.0 = Debug|x64
		{D07EDEB2-006F-4B32-8CD1-2B8FABD5879E}.Debug|x64.Deploy.0 = Debug|x64
		{D07EDEB2-006F-4B32-8CD1-2B8FABD5879E}.Release|ARM64.ActiveCfg = Release|ARM64
		{D07EDEB2-006F-4B32-8CD1-2B8FABD5879E}.Release|ARM64.Build.0 = Release|ARM64
		{D07EDEB2-006F-4B32-8CD1-2B8FABD5879E}.Release|ARM64.Deploy.0 = Release|ARM64
		{D07EDEB2-006F-4B32-8CD1-2B8FABD5879E}.Release|x64.ActiveCfg = Release|x64
		{D07EDEB2-006F-4B32-8CD1-2B8FABD5879E}.Release|x64.Build.0 = Release|x64
		{D07EDEB2-006F-4B32-8CD1-2B8FABD5879E}.Release|x64.Deploy.0 = Release|x64
		{74f5716d-c62f-45d4-9cc2-4637440d5e4e}.Debug|ARM64.ActiveCfg = Debug|ARM64
		{74f5716d-c62f-45d4-9cc2-4637440d5e4e}.Debug|ARM64.Build.0 = Debug|ARM64
		{74f5716d-c62f-45d4-9cc2-4637440d5e4e}.Debug|ARM64.Deploy.0 = Debug|ARM64
		{74f5716d-c62f-45d4-9cc2-4637440d5e4e}.Debug|x64.ActiveCfg = Debug|x64
		{74f5716d-c62f-45d4-9cc2-4637440d5e4e}.Debug|x64.Build.0 = Debug|x64
		{74f5716d-c62f-45d4-9cc2-4637440d5e4e}.Debug|x64.Deploy.0 = Debug|x64
		{74f5716d-c62f-45d4-9cc2-4637440d5e4e}.Release|ARM64.ActiveCfg = Release|ARM64
		{74f5716d-c62f-45d4-9cc2-4637440d5e4e}.Release|ARM64.Build.0 = Release|ARM64
		{74f5716d-c62f-45d4-9cc2-4637440d5e4e}.Release|ARM64.Deploy.0 = Release|ARM64
		{74f5716d-c62f-45d4-9cc2-4637440d5e4e}.Release|x64.ActiveCfg = Release|x64
		{74f5716d-c62f-45d4-9cc2-4637440d5e4e}.Release|x64.Build.0 = Release|x64
		{74f5716d-c62f-45d4-9cc2-4637440d5e4e}.Release|x64.Deploy.0 = Release|x64
		{F819A7AE-2641-4275-A3BA-CF9283C9D519}.Debug|ARM64.ActiveCfg = Debug|ARM64
		{F819A7AE-2641-4275-A3BA-CF9283C9D519}.Debug|ARM64.Build.0 = Debug|ARM64
		{F819A7AE-2641-4275-A3BA-CF9283C9D519}.Debug|ARM64.Deploy.0 = Debug|ARM64
		{F819A7AE-2641-4275-A3BA-CF9283C9D519}.Debug|x64.ActiveCfg = Debug|x64
		{F819A7AE-2641-4275-A3BA-CF9283C9D519}.Debug|x64.Build.0 = Debug|x64
		{F819A7AE-2641-4275-A3BA-CF9283C9D519}.Debug|x64.Deploy.0 = Debug|x64
		{F819A7AE-2641-4275-A3BA-CF9283C9D519}.Release|ARM64.ActiveCfg = Release|ARM64
		{F819A7AE-2641-4275-A3BA-CF9283C9D519}.Release|ARM64.Build.0 = Release|ARM64
		{F819A7AE-2641-4275-A3BA-CF9283C9D519}.Release|ARM64.Deploy.0 = Release|ARM64
		{F819A7AE-2641-4275-A3BA-CF9283C9D519}.Release|x64.ActiveCfg = Release|x64
		{F819A7AE-2641-4275-A3BA-CF9283C9D519}.Release|x64.Build.0 = Release|x64
		{F819A7AE-2641-4275-A3BA-CF9283C9D519}.Release|x64.Deploy.0 = Release|x64
		{F37C088B-C801-46C4-B210-EAD7AF7FFAEE}.Debug|ARM64.ActiveCfg = Debug|ARM64
		{F37C088B-C801-46C4-B210-EAD7AF7FFAEE}.Debug|ARM64.Build.0 = Debug|ARM64
		{F37C088B-C801-46C4-B210-EAD7AF7FFAEE}.Debug|ARM64.Deploy.0 = Debug|ARM64
		{F37C088B-C801-46C4-B210-EAD7AF7FFAEE}.Debug|x64.ActiveCfg = Debug|x64
		{F37C088B-C801-46C4-B210-EAD7AF7FFAEE}.Debug|x64.Build.0 = Debug|x64
		{F37C088B-C801-46C4-B210-EAD7AF7FFAEE}.Debug|x64.Deploy.0 = Debug|x64
		{F37C088B-C801-46C4-B210-EAD7AF7FFAEE}.Release|ARM64.ActiveCfg = Release|ARM64
		{F37C088B-C801-46C4-B210-EAD7AF7FFAEE}.Release|ARM64.Build.0 = Release|ARM64
		{F37C088B-C801-46C4-B210-EAD7AF7FFAEE}.Release|ARM64.Deploy.0 = Release|ARM64
		{F37C088B-C801-46C4-B210-EAD7AF7FFAEE}.Release|x64.ActiveCfg = Release|x64
		{F37C088B-C801-46C4-B210-EAD7AF7FFAEE}.Release|x64.Build.0 = Release|x64
		{F37C088B-C801-46C4-B210-EAD7AF7FFAEE}.Release|x64.Deploy.0 = Release|x64
		{FDAAB453-4E69-4933-BC27-A917637B0DF9}.Debug|ARM64.ActiveCfg = Debug|ARM64
		{FDAAB453-4E69-4933-BC27-A917637B0DF9}.Debug|ARM64.Build.0 = Debug|ARM64
		{FDAAB453-4E69-4933-BC27-A917637B0DF9}.Debug|ARM64.Deploy.0 = Debug|ARM64
		{FDAAB453-4E69-4933-BC27-A917637B0DF9}.Debug|x64.ActiveCfg = Debug|x64
		{FDAAB453-4E69-4933-BC27-A917637B0DF9}.Debug|x64.Build.0 = Debug|x64
		{FDAAB453-4E69-4933-BC27-A917637B0DF9}.Debug|x64.Deploy.0 = Debug|x64
		{FDAAB453-4E69-4933-BC27-A917637B0DF9}.Release|ARM64.ActiveCfg = Release|ARM64
		{FDAAB453-4E69-4933-BC27-A917637B0DF9}.Release|ARM64.Build.0 = Release|ARM64
		{FDAAB453-4E69-4933-BC27-A917637B0DF9}.Release|ARM64.Deploy.0 = Release|ARM64
		{FDAAB453-4E69-4933-BC27-A917637B0DF9}.Release|x64.ActiveCfg = Release|x64
		{FDAAB453-4E69-4933-BC27-A917637B0DF9}.Release|x64.Build.0 = Release|x64
		{FDAAB453-4E69-4933-BC27-A917637B0DF9}.Release|x64.Deploy.0 = Release|x64
	EndGlobalSection
	GlobalSection(SolutionProperties) = preSolution
		HideSolutionNode = FALSE
	EndGlobalSection
	GlobalSection(ExtensibilityGlobals) = postSolution
		SolutionGuid = {73EF00B9-A990-4E4D-9759-84F4E2094268}
	EndGlobalSection
EndGlobal
